// !$*UTF8*$!
{
	archiveVersion = 1;
	classes = {
	};
	objectVersion = 56;
	objects = {

/* Begin PBXBuildFile section */
		FB1C2CD52BD0ACFF002BD744 /* QuestionData.swift in Sources */ = {isa = PBXBuildFile; fileRef = FB1C2CD42BD0ACFF002BD744 /* QuestionData.swift */; };
		FBC3AC5F2BC7589B00EADBBE /* AppDelegate.swift in Sources */ = {isa = PBXBuildFile; fileRef = FBC3AC5E2BC7589B00EADBBE /* AppDelegate.swift */; };
		FBC3AC612BC7589B00EADBBE /* SceneDelegate.swift in Sources */ = {isa = PBXBuildFile; fileRef = FBC3AC602BC7589B00EADBBE /* SceneDelegate.swift */; };
		FBC3AC632BC7589B00EADBBE /* IntroductionViewController.swift in Sources */ = {isa = PBXBuildFile; fileRef = FBC3AC622BC7589B00EADBBE /* IntroductionViewController.swift */; };
		FBC3AC662BC7589B00EADBBE /* Main.storyboard in Resources */ = {isa = PBXBuildFile; fileRef = FBC3AC642BC7589B00EADBBE /* Main.storyboard */; };
		FBC3AC682BC7589D00EADBBE /* Assets.xcassets in Resources */ = {isa = PBXBuildFile; fileRef = FBC3AC672BC7589D00EADBBE /* Assets.xcassets */; };
		FBC3AC6B2BC7589D00EADBBE /* LaunchScreen.storyboard in Resources */ = {isa = PBXBuildFile; fileRef = FBC3AC692BC7589D00EADBBE /* LaunchScreen.storyboard */; };
		FBC3AC732BC767E400EADBBE /* QuestionViewController.swift in Sources */ = {isa = PBXBuildFile; fileRef = FBC3AC722BC767E300EADBBE /* QuestionViewController.swift */; };
		FBC3AC752BC7690700EADBBE /* ResultsViewController.swift in Sources */ = {isa = PBXBuildFile; fileRef = FBC3AC742BC7690700EADBBE /* ResultsViewController.swift */; };
/* End PBXBuildFile section */

/* Begin PBXFileReference section */
		FB1C2CD42BD0ACFF002BD744 /* QuestionData.swift */ = {isa = PBXFileReference; lastKnownFileType = sourcecode.swift; path = QuestionData.swift; sourceTree = "<group>"; };
		FBC3AC5B2BC7589B00EADBBE /* testpersonality.app */ = {isa = PBXFileReference; explicitFileType = wrapper.application; includeInIndex = 0; path = testpersonality.app; sourceTree = BUILT_PRODUCTS_DIR; };
		FBC3AC5E2BC7589B00EADBBE /* AppDelegate.swift */ = {isa = PBXFileReference; lastKnownFileType = sourcecode.swift; path = AppDelegate.swift; sourceTree = "<group>"; };
		FBC3AC602BC7589B00EADBBE /* SceneDelegate.swift */ = {isa = PBXFileReference; lastKnownFileType = sourcecode.swift; path = SceneDelegate.swift; sourceTree = "<group>"; };
		FBC3AC622BC7589B00EADBBE /* IntroductionViewController.swift */ = {isa = PBXFileReference; lastKnownFileType = sourcecode.swift; path = IntroductionViewController.swift; sourceTree = "<group>"; };
		FBC3AC652BC7589B00EADBBE /* Base */ = {isa = PBXFileReference; lastKnownFileType = file.storyboard; name = Base; path = Base.lproj/Main.storyboard; sourceTree = "<group>"; };
		FBC3AC672BC7589D00EADBBE /* Assets.xcassets */ = {isa = PBXFileReference; lastKnownFileType = folder.assetcatalog; path = Assets.xcassets; sourceTree = "<group>"; };
		FBC3AC6A2BC7589D00EADBBE /* Base */ = {isa = PBXFileReference; lastKnownFileType = file.storyboard; name = Base; path = Base.lproj/LaunchScreen.storyboard; sourceTree = "<group>"; };
		FBC3AC6C2BC7589D00EADBBE /* Info.plist */ = {isa = PBXFileReference; lastKnownFileType = text.plist.xml; path = Info.plist; sourceTree = "<group>"; };
		FBC3AC722BC767E300EADBBE /* QuestionViewController.swift */ = {isa = PBXFileReference; lastKnownFileType = sourcecode.swift; path = QuestionViewController.swift; sourceTree = "<group>"; };
		FBC3AC742BC7690700EADBBE /* ResultsViewController.swift */ = {isa = PBXFileReference; lastKnownFileType = sourcecode.swift; path = ResultsViewController.swift; sourceTree = "<group>"; };
/* End PBXFileReference section */

/* Begin PBXFrameworksBuildPhase section */
		FBC3AC582BC7589A00EADBBE /* Frameworks */ = {
			isa = PBXFrameworksBuildPhase;
			buildActionMask = 2147483647;
			files = (
			);
			runOnlyForDeploymentPostprocessing = 0;
		};
/* End PBXFrameworksBuildPhase section */

/* Begin PBXGroup section */
		FBC3AC522BC7589A00EADBBE = {
			isa = PBXGroup;
			children = (
				FBC3AC5D2BC7589B00EADBBE /* testpersonality */,
				FBC3AC5C2BC7589B00EADBBE /* Products */,
			);
			sourceTree = "<group>";
		};
		FBC3AC5C2BC7589B00EADBBE /* Products */ = {
			isa = PBXGroup;
			children = (
				FBC3AC5B2BC7589B00EADBBE /* testpersonality.app */,
			);
			name = Products;
			sourceTree = "<group>";
		};
		FBC3AC5D2BC7589B00EADBBE /* testpersonality */ = {
			isa = PBXGroup;
			children = (
				FBC3AC5E2BC7589B00EADBBE /* AppDelegate.swift */,
				FBC3AC602BC7589B00EADBBE /* SceneDelegate.swift */,
				FBC3AC622BC7589B00EADBBE /* IntroductionViewController.swift */,
				FBC3AC642BC7589B00EADBBE /* Main.storyboard */,
				FBC3AC672BC7589D00EADBBE /* Assets.xcassets */,
				FBC3AC692BC7589D00EADBBE /* LaunchScreen.storyboard */,
				FBC3AC6C2BC7589D00EADBBE /* Info.plist */,
				FBC3AC722BC767E300EADBBE /* QuestionViewController.swift */,
				FBC3AC742BC7690700EADBBE /* ResultsViewController.swift */,
				FB1C2CD42BD0ACFF002BD744 /* QuestionData.swift */,
			);
			path = testpersonality;
			sourceTree = "<group>";
		};
/* End PBXGroup section */

/* Begin PBXNativeTarget section */
		FBC3AC5A2BC7589A00EADBBE /* testpersonality */ = {
			isa = PBXNativeTarget;
			buildConfigurationList = FBC3AC6F2BC7589D00EADBBE /* Build configuration list for PBXNativeTarget "testpersonality" */;
			buildPhases = (
				FBC3AC572BC7589A00EADBBE /* Sources */,
				FBC3AC582BC7589A00EADBBE /* Frameworks */,
				FBC3AC592BC7589A00EADBBE /* Resources */,
			);
			buildRules = (
			);
			dependencies = (
			);
			name = testpersonality;
			productName = testpersonality;
			productReference = FBC3AC5B2BC7589B00EADBBE /* testpersonality.app */;
			productType = "com.apple.product-type.application";
		};
/* End PBXNativeTarget section */

/* Begin PBXProject section */
		FBC3AC532BC7589A00EADBBE /* Project object */ = {
			isa = PBXProject;
			attributes = {
				BuildIndependentTargetsInParallel = 1;
				LastSwiftUpdateCheck = 1430;
				LastUpgradeCheck = 1430;
				TargetAttributes = {
					FBC3AC5A2BC7589A00EADBBE = {
						CreatedOnToolsVersion = 14.3.1;
					};
				};
			};
			buildConfigurationList = FBC3AC562BC7589A00EADBBE /* Build configuration list for PBXProject "testpersonality" */;
			compatibilityVersion = "Xcode 14.0";
			developmentRegion = en;
			hasScannedForEncodings = 0;
			knownRegions = (
				en,
				Base,
			);
			mainGroup = FBC3AC522BC7589A00EADBBE;
			productRefGroup = FBC3AC5C2BC7589B00EADBBE /* Products */;
			projectDirPath = "";
			projectRoot = "";
			targets = (
				FBC3AC5A2BC7589A00EADBBE /* testpersonality */,
			);
		};
/* End PBXProject section */

/* Begin PBXResourcesBuildPhase section */
		FBC3AC592BC7589A00EADBBE /* Resources */ = {
			isa = PBXResourcesBuildPhase;
			buildActionMask = 2147483647;
			files = (
				FBC3AC6B2BC7589D00EADBBE /* LaunchScreen.storyboard in Resources */,
				FBC3AC682BC7589D00EADBBE /* Assets.xcassets in Resources */,
				FBC3AC662BC7589B00EADBBE /* Main.storyboard in Resources */,
			);
			runOnlyForDeploymentPostprocessing = 0;
		};
/* End PBXResourcesBuildPhase section */

/* Begin PBXSourcesBuildPhase section */
		FBC3AC572BC7589A00EADBBE /* Sources */ = {
			isa = PBXSourcesBuildPhase;
			buildActionMask = 2147483647;
			files = (
				FBC3AC632BC7589B00EADBBE /* IntroductionViewController.swift in Sources */,
				FBC3AC5F2BC7589B00EADBBE /* AppDelegate.swift in Sources */,
				FBC3AC732BC767E400EADBBE /* QuestionViewController.swift in Sources */,
				FB1C2CD52BD0ACFF002BD744 /* QuestionData.swift in Sources */,
				FBC3AC752BC7690700EADBBE /* ResultsViewController.swift in Sources */,
				FBC3AC612BC7589B00EADBBE /* SceneDelegate.swift in Sources */,
			);
			runOnlyForDeploymentPostprocessing = 0;
		};
/* End PBXSourcesBuildPhase section */

/* Begin PBXVariantGroup section */
		FBC3AC642BC7589B00EADBBE /* Main.storyboard */ = {
			isa = PBXVariantGroup;
			children = (
				FBC3AC652BC7589B00EADBBE /* Base */,
			);
			name = Main.storyboard;
			sourceTree = "<group>";
		};
		FBC3AC692BC7589D00EADBBE /* LaunchScreen.storyboard */ = {
			isa = PBXVariantGroup;
			children = (
				FBC3AC6A2BC7589D00EADBBE /* Base */,
			);
			name = LaunchScreen.storyboard;
			sourceTree = "<group>";
		};
/* End PBXVariantGroup section */

/* Begin XCBuildConfiguration section */
		FBC3AC6D2BC7589D00EADBBE /* Debug */ = {
			isa = XCBuildConfiguration;
			buildSettings = {
				ALWAYS_SEARCH_USER_PATHS = NO;
				CLANG_ANALYZER_NONNULL = YES;
				CLANG_ANALYZER_NUMBER_OBJECT_CONVERSION = YES_AGGRESSIVE;
				CLANG_CXX_LANGUAGE_STANDARD = "gnu++20";
				CLANG_ENABLE_MODULES = YES;
				CLANG_ENABLE_OBJC_ARC = YES;
				CLANG_ENABLE_OBJC_WEAK = YES;
				CLANG_WARN_BLOCK_CAPTURE_AUTORELEASING = YES;
				CLANG_WARN_BOOL_CONVERSION = YES;
				CLANG_WARN_COMMA = YES;
				CLANG_WARN_CONSTANT_CONVERSION = YES;
				CLANG_WARN_DEPRECATED_OBJC_IMPLEMENTATIONS = YES;
				CLANG_WARN_DIRECT_OBJC_ISA_USAGE = YES_ERROR;
				CLANG_WARN_DOCUMENTATION_COMMENTS = YES;
				CLANG_WARN_EMPTY_BODY = YES;
				CLANG_WARN_ENUM_CONVERSION = YES;
				CLANG_WARN_INFINITE_RECURSION = YES;
				CLANG_WARN_INT_CONVERSION = YES;
				CLANG_WARN_NON_LITERAL_NULL_CONVERSION = YES;
				CLANG_WARN_OBJC_IMPLICIT_RETAIN_SELF = YES;
				CLANG_WARN_OBJC_LITERAL_CONVERSION = YES;
				CLANG_WARN_OBJC_ROOT_CLASS = YES_ERROR;
				CLANG_WARN_QUOTED_INCLUDE_IN_FRAMEWORK_HEADER = YES;
				CLANG_WARN_RANGE_LOOP_ANALYSIS = YES;
				CLANG_WARN_STRICT_PROTOTYPES = YES;
				CLANG_WARN_SUSPICIOUS_MOVE = YES;
				CLANG_WARN_UNGUARDED_AVAILABILITY = YES_AGGRESSIVE;
				CLANG_WARN_UNREACHABLE_CODE = YES;
				CLANG_WARN__DUPLICATE_METHOD_MATCH = YES;
				COPY_PHASE_STRIP = NO;
				DEBUG_INFORMATION_FORMAT = dwarf;
				ENABLE_STRICT_OBJC_MSGSEND = YES;
				ENABLE_TESTABILITY = YES;
				GCC_C_LANGUAGE_STANDARD = gnu11;
				GCC_DYNAMIC_NO_PIC = NO;
				GCC_NO_COMMON_BLOCKS = YES;
				GCC_OPTIMIZATION_LEVEL = 0;
				GCC_PREPROCESSOR_DEFINITIONS = (
					"DEBUG=1",
					"$(inherited)",
				);
				GCC_WARN_64_TO_32_BIT_CONVERSION = YES;
				GCC_WARN_ABOUT_RETURN_TYPE = YES_ERROR;
				GCC_WARN_UNDECLARED_SELECTOR = YES;
				GCC_WARN_UNINITIALIZED_AUTOS = YES_AGGRESSIVE;
				GCC_WARN_UNUSED_FUNCTION = YES;
				GCC_WARN_UNUSED_VARIABLE = YES;
				IPHONEOS_DEPLOYMENT_TARGET = 16.4;
				MTL_ENABLE_DEBUG_INFO = INCLUDE_SOURCE;
				MTL_FAST_MATH = YES;
				ONLY_ACTIVE_ARCH = YES;
				SDKROOT = iphoneos;
				SWIFT_ACTIVE_COMPILATION_CONDITIONS = DEBUG;
				SWIFT_OPTIMIZATION_LEVEL = "-Onone";
			};
			name = Debug;
		};
		FBC3AC6E2BC7589D00EADBBE /* Release */ = {
			isa = XCBuildConfiguration;
			buildSettings = {
				ALWAYS_SEARCH_USER_PATHS = NO;
				CLANG_ANALYZER_NONNULL = YES;
				CLANG_ANALYZER_NUMBER_OBJECT_CONVERSION = YES_AGGRESSIVE;
				CLANG_CXX_LANGUAGE_STANDARD = "gnu++20";
				CLANG_ENABLE_MODULES = YES;
				CLANG_ENABLE_OBJC_ARC = YES;
				CLANG_ENABLE_OBJC_WEAK = YES;
				CLANG_WARN_BLOCK_CAPTURE_AUTORELEASING = YES;
				CLANG_WARN_BOOL_CONVERSION = YES;
				CLANG_WARN_COMMA = YES;
				CLANG_WARN_CONSTANT_CONVERSION = YES;
				CLANG_WARN_DEPRECATED_OBJC_IMPLEMENTATIONS = YES;
				CLANG_WARN_DIRECT_OBJC_ISA_USAGE = YES_ERROR;
				CLANG_WARN_DOCUMENTATION_COMMENTS = YES;
				CLANG_WARN_EMPTY_BODY = YES;
				CLANG_WARN_ENUM_CONVERSION = YES;
				CLANG_WARN_INFINITE_RECURSION = YES;
				CLANG_WARN_INT_CONVERSION = YES;
				CLANG_WARN_NON_LITERAL_NULL_CONVERSION = YES;
				CLANG_WARN_OBJC_IMPLICIT_RETAIN_SELF = YES;
				CLANG_WARN_OBJC_LITERAL_CONVERSION = YES;
				CLANG_WARN_OBJC_ROOT_CLASS = YES_ERROR;
				CLANG_WARN_QUOTED_INCLUDE_IN_FRAMEWORK_HEADER = YES;
				CLANG_WARN_RANGE_LOOP_ANALYSIS = YES;
				CLANG_WARN_STRICT_PROTOTYPES = YES;
				CLANG_WARN_SUSPICIOUS_MOVE = YES;
				CLANG_WARN_UNGUARDED_AVAILABILITY = YES_AGGRESSIVE;
				CLANG_WARN_UNREACHABLE_CODE = YES;
				CLANG_WARN__DUPLICATE_METHOD_MATCH = YES;
				COPY_PHASE_STRIP = NO;
				DEBUG_INFORMATION_FORMAT = "dwarf-with-dsym";
				ENABLE_NS_ASSERTIONS = NO;
				ENABLE_STRICT_OBJC_MSGSEND = YES;
				GCC_C_LANGUAGE_STANDARD = gnu11;
				GCC_NO_COMMON_BLOCKS = YES;
				GCC_WARN_64_TO_32_BIT_CONVERSION = YES;
				GCC_WARN_ABOUT_RETURN_TYPE = YES_ERROR;
				GCC_WARN_UNDECLARED_SELECTOR = YES;
				GCC_WARN_UNINITIALIZED_AUTOS = YES_AGGRESSIVE;
				GCC_WARN_UNUSED_FUNCTION = YES;
				GCC_WARN_UNUSED_VARIABLE = YES;
				IPHONEOS_DEPLOYMENT_TARGET = 16.4;
				MTL_ENABLE_DEBUG_INFO = NO;
				MTL_FAST_MATH = YES;
				SDKROOT = iphoneos;
				SWIFT_COMPILATION_MODE = wholemodule;
				SWIFT_OPTIMIZATION_LEVEL = "-O";
				VALIDATE_PRODUCT = YES;
			};
			name = Release;
		};
		FBC3AC702BC7589D00EADBBE /* Debug */ = {
			isa = XCBuildConfiguration;
			buildSettings = {
				ASSETCATALOG_COMPILER_APPICON_NAME = AppIcon;
				ASSETCATALOG_COMPILER_GLOBAL_ACCENT_COLOR_NAME = AccentColor;
				CODE_SIGN_STYLE = Automatic;
				CURRENT_PROJECT_VERSION = 1;
				GENERATE_INFOPLIST_FILE = YES;
				INFOPLIST_FILE = testpersonality/Info.plist;
				INFOPLIST_KEY_UIApplicationSupportsIndirectInputEvents = YES;
				INFOPLIST_KEY_UILaunchStoryboardName = LaunchScreen;
				INFOPLIST_KEY_UIMainStoryboardFile = Main;
				INFOPLIST_KEY_UISupportedInterfaceOrientations_iPad = "UIInterfaceOrientationPortrait UIInterfaceOrientationPortraitUpsideDown UIInterfaceOrientationLandscapeLeft UIInterfaceOrientationLandscapeRight";
				INFOPLIST_KEY_UISupportedInterfaceOrientations_iPhone = "UIInterfaceOrientationPortrait UIInterfaceOrientationLandscapeLeft UIInterfaceOrientationLandscapeRight";
				LD_RUNPATH_SEARCH_PATHS = (
					"$(inherited)",
					"@executable_path/Frameworks",
				);
				MARKETING_VERSION = 1.0;
				PRODUCT_BUNDLE_IDENTIFIER = ActividadApplepay.testpersonality;
				PRODUCT_NAME = "$(TARGET_NAME)";
				SWIFT_EMIT_LOC_STRINGS = YES;
				SWIFT_VERSION = 5.0;
				TARGETED_DEVICE_FAMILY = "1,2";
			};
			name = Debug;
		};
		FBC3AC712BC7589D00EADBBE /* Release */ = {
			isa = XCBuildConfiguration;
			buildSettings = {
				ASSETCATALOG_COMPILER_APPICON_NAME = AppIcon;
				ASSETCATALOG_COMPILER_GLOBAL_ACCENT_COLOR_NAME = AccentColor;
				CODE_SIGN_STYLE = Automatic;
				CURRENT_PROJECT_VERSION = 1;
				GENERATE_INFOPLIST_FILE = YES;
				INFOPLIST_FILE = testpersonality/Info.plist;
				INFOPLIST_KEY_UIApplicationSupportsIndirectInputEvents = YES;
				INFOPLIST_KEY_UILaunchStoryboardName = LaunchScreen;
				INFOPLIST_KEY_UIMainStoryboardFile = Main;
				INFOPLIST_KEY_UISupportedInterfaceOrientations_iPad = "UIInterfaceOrientationPortrait UIInterfaceOrientationPortraitUpsideDown UIInterfaceOrientationLandscapeLeft UIInterfaceOrientationLandscapeRight";
				INFOPLIST_KEY_UISupportedInterfaceOrientations_iPhone = "UIInterfaceOrientationPortrait UIInterfaceOrientationLandscapeLeft UIInterfaceOrientationLandscapeRight";
				LD_RUNPATH_SEARCH_PATHS = (
					"$(inherited)",
					"@executable_path/Frameworks",
				);
				MARKETING_VERSION = 1.0;
				PRODUCT_BUNDLE_IDENTIFIER = ActividadApplepay.testpersonality;
				PRODUCT_NAME = "$(TARGET_NAME)";
				SWIFT_EMIT_LOC_STRINGS = YES;
				SWIFT_VERSION = 5.0;
				TARGETED_DEVICE_FAMILY = "1,2";
			};
			name = Release;
		};
/* End XCBuildConfiguration section */

/* Begin XCConfigurationList section */
		FBC3AC562BC7589A00EADBBE /* Build configuration list for PBXProject "testpersonality" */ = {
			isa = XCConfigurationList;
			buildConfigurations = (
				FBC3AC6D2BC7589D00EADBBE /* Debug */,
				FBC3AC6E2BC7589D00EADBBE /* Release */,
			);
			defaultConfigurationIsVisible = 0;
			defaultConfigurationName = Release;
		};
		FBC3AC6F2BC7589D00EADBBE /* Build configuration list for PBXNativeTarget "testpersonality" */ = {
			isa = XCConfigurationList;
			buildConfigurations = (
				FBC3AC702BC7589D00EADBBE /* Debug */,
				FBC3AC712BC7589D00EADBBE /* Release */,
			);
			defaultConfigurationIsVisible = 0;
			defaultConfigurationName = Release;
		};
/* End XCConfigurationList section */
	};
	rootObject = FBC3AC532BC7589A00EADBBE /* Project object */;
}
